
Microsoft Visual Studio Solution File, Format Version 12.00
# Visual Studio Version 17
VisualStudioVersion = 17.2.32526.322
MinimumVisualStudioVersion = 10.0.40219.1
Project("{9A19103F-16F7-4668-BE54-9A1E7A4F7556}") = "TeklaReportsConsoleApp_2016", "TeklaReportsConsoleApp_2016\TeklaReportsConsoleApp_2016.csproj", "{A86A73DE-7A1F-4D6C-BC05-4A54926E9D21}"
EndProject
Project("{9A19103F-16F7-4668-BE54-9A1E7A4F7556}") = "TeklaReportsConsoleApp_2019", "TeklaReportsConsoleApp_2019\TeklaReportsConsoleApp_2019.csproj", "{6E73B7F9-75AE-48A5-824B-446C145364C4}"
EndProject
Project("{9A19103F-16F7-4668-BE54-9A1E7A4F7556}") = "TeklaReportsConsoleApp_2021", "TeklaReportsConsoleApp_2021\TeklaReportsConsoleApp_2021.csproj", "{C1A6871E-6176-4CB5-9F57-3AA5F9BDF8F3}"
EndProject
Project("{FAE04EC0-301F-11D3-BF4B-00C04F79EFBC}") = "TeklaReportsLibrary", "TeklaReportsLibrary\TeklaReportsLibrary.csproj", "{F3E99B01-57CB-4709-AA02-AA4400955C85}"
EndProject
Project("{9A19103F-16F7-4668-BE54-9A1E7A4F7556}") = "TeklaReportsWpfApp_T2016", "TeklaReportsWpfApp_T2016\TeklaReportsWpfApp_T2016.csproj", "{A9A0F322-DE5F-4D64-B15F-B0BC8DA481FB}"
EndProject
Project("{9A19103F-16F7-4668-BE54-9A1E7A4F7556}") = "TeklaInfoDisplay_T2016", "TeklaInfoDisplay_T2016\TeklaInfoDisplay_T2016.csproj", "{DC21B364-AC0D-4A24-94E9-932E52049F22}"
EndProject
Project("{9A19103F-16F7-4668-BE54-9A1E7A4F7556}") = "TeklaDisplayInfo_T2021", "TeklaDisplayInfo_T2021\TeklaDisplayInfo_T2021.csproj", "{632854D5-4E1D-49A1-B765-AF5CF002083E}"
EndProject
Project("{FAE04EC0-301F-11D3-BF4B-00C04F79EFBC}") = "TeklaReportsApp_T2019", "TeklaReportsApp_T2019\TeklaReportsApp_T2019.csproj", "{4E74D555-7CFF-4B1B-A008-AAB3F1247AD3}"
EndProject
Global
	GlobalSection(SolutionConfigurationPlatforms) = preSolution
		Debug|Any CPU = Debug|Any CPU
		Release|Any CPU = Release|Any CPU
	EndGlobalSection
	GlobalSection(ProjectConfigurationPlatforms) = postSolution
		{A86A73DE-7A1F-4D6C-BC05-4A54926E9D21}.Debug|Any CPU.ActiveCfg = Debug|Any CPU
		{A86A73DE-7A1F-4D6C-BC05-4A54926E9D21}.Debug|Any CPU.Build.0 = Debug|Any CPU
		{A86A73DE-7A1F-4D6C-BC05-4A54926E9D21}.Release|Any CPU.ActiveCfg = Release|Any CPU
		{A86A73DE-7A1F-4D6C-BC05-4A54926E9D21}.Release|Any CPU.Build.0 = Release|Any CPU
		{6E73B7F9-75AE-48A5-824B-446C145364C4}.Debug|Any CPU.ActiveCfg = Debug|Any CPU
		{6E73B7F9-75AE-48A5-824B-446C145364C4}.Debug|Any CPU.Build.0 = Debug|Any CPU
		{6E73B7F9-75AE-48A5-824B-446C145364C4}.Release|Any CPU.ActiveCfg = Release|Any CPU
		{6E73B7F9-75AE-48A5-824B-446C145364C4}.Release|Any CPU.Build.0 = Release|Any CPU
		{C1A6871E-6176-4CB5-9F57-3AA5F9BDF8F3}.Debug|Any CPU.ActiveCfg = Debug|Any CPU
		{C1A6871E-6176-4CB5-9F57-3AA5F9BDF8F3}.Debug|Any CPU.Build.0 = Debug|Any CPU
		{C1A6871E-6176-4CB5-9F57-3AA5F9BDF8F3}.Release|Any CPU.ActiveCfg = Release|Any CPU
		{C1A6871E-6176-4CB5-9F57-3AA5F9BDF8F3}.Release|Any CPU.Build.0 = Release|Any CPU
		{F3E99B01-57CB-4709-AA02-AA4400955C85}.Debug|Any CPU.ActiveCfg = Debug|Any CPU
		{F3E99B01-57CB-4709-AA02-AA4400955C85}.Debug|Any CPU.Build.0 = Debug|Any CPU
		{F3E99B01-57CB-4709-AA02-AA4400955C85}.Release|Any CPU.ActiveCfg = Debug|Any CPU
		{F3E99B01-57CB-4709-AA02-AA4400955C85}.Release|Any CPU.Build.0 = Debug|Any CPU
		{A9A0F322-DE5F-4D64-B15F-B0BC8DA481FB}.Debug|Any CPU.ActiveCfg = Debug|Any CPU
		{A9A0F322-DE5F-4D64-B15F-B0BC8DA481FB}.Debug|Any CPU.Build.0 = Debug|Any CPU
		{A9A0F322-DE5F-4D64-B15F-B0BC8DA481FB}.Release|Any CPU.ActiveCfg = Release|Any CPU
		{A9A0F322-DE5F-4D64-B15F-B0BC8DA481FB}.Release|Any CPU.Build.0 = Release|Any CPU
		{DC21B364-AC0D-4A24-94E9-932E52049F22}.Debug|Any CPU.ActiveCfg = Debug|Any CPU
		{DC21B364-AC0D-4A24-94E9-932E52049F22}.Debug|Any CPU.Build.0 = Debug|Any CPU
		{DC21B364-AC0D-4A24-94E9-932E52049F22}.Release|Any CPU.ActiveCfg = Release|Any CPU
		{DC21B364-AC0D-4A24-94E9-932E52049F22}.Release|Any CPU.Build.0 = Release|Any CPU
		{632854D5-4E1D-49A1-B765-AF5CF002083E}.Debug|Any CPU.ActiveCfg = Debug|Any CPU
		{632854D5-4E1D-49A1-B765-AF5CF002083E}.Debug|Any CPU.Build.0 = Debug|Any CPU
		{632854D5-4E1D-49A1-B765-AF5CF002083E}.Release|Any CPU.ActiveCfg = Release|Any CPU
		{632854D5-4E1D-49A1-B765-AF5CF002083E}.Release|Any CPU.Build.0 = Release|Any CPU
		{4E74D555-7CFF-4B1B-A008-AAB3F1247AD3}.Debug|Any CPU.ActiveCfg = Debug|Any CPU
		{4E74D555-7CFF-4B1B-A008-AAB3F1247AD3}.Debug|Any CPU.Build.0 = Debug|Any CPU
		{4E74D555-7CFF-4B1B-A008-AAB3F1247AD3}.Release|Any CPU.ActiveCfg = Release|Any CPU
		{4E74D555-7CFF-4B1B-A008-AAB3F1247AD3}.Release|Any CPU.Build.0 = Release|Any CPU
	EndGlobalSection
	GlobalSection(SolutionProperties) = preSolution
		HideSolutionNode = FALSE
	EndGlobalSection
	GlobalSection(ExtensibilityGlobals) = postSolution
		SolutionGuid = {2B9124EC-EBF4-4ABF-BC84-0BE1732720E4}
	EndGlobalSection
EndGlobal
